
Microsoft Visual Studio Solution File, Format Version 12.00
# Visual Studio Version 16
VisualStudioVersion = 16.0.29102.190
MinimumVisualStudioVersion = 10.0.40219.1
Project("{FAE04EC0-301F-11D3-BF4B-00C04F79EFBC}") = "MVC.net", "MVC.net\MVC.net.csproj", "{620763E4-82E2-48F1-AACE-B9D911070547}"
EndProject
Global
	GlobalSection(SolutionConfigurationPlatforms) = preSolution
		Debug|Any CPU = Debug|Any CPU
		Release|Any CPU = Release|Any CPU
	EndGlobalSection
	GlobalSection(ProjectConfigurationPlatforms) = postSolution
		{620763E4-82E2-48F1-AACE-B9D911070547}.Debug|Any CPU.ActiveCfg = Debug|Any CPU
		{620763E4-82E2-48F1-AACE-B9D911070547}.Debug|Any CPU.Build.0 = Debug|Any CPU
		{620763E4-82E2-48F1-AACE-B9D911070547}.Release|Any CPU.ActiveCfg = Release|Any CPU
		{620763E4-82E2-48F1-AACE-B9D911070547}.Release|Any CPU.Build.0 = Release|Any CPU
	EndGlobalSection
	GlobalSection(SolutionProperties) = preSolution
		HideSolutionNode = FALSE
	EndGlobalSection
	GlobalSection(ExtensibilityGlobals) = postSolution
		SolutionGuid = {E92CB129-8AE7-47C6-B7D2-1E91E22511E0}
	EndGlobalSection
EndGlobal
